<?xml version="1.0" encoding="utf-8"?>
<Project ToolsVersion="4.0" xmlns="http://schemas.microsoft.com/developer/msbuild/2003">
  <ItemGroup>
    <Filter Include="Source Files">
      <UniqueIdentifier>{4FC737F1-C7A5-4376-A066-2A32D752A2FF}</UniqueIdentifier>
      <Extensions>cpp;c;cc;cxx;def;odl;idl;hpj;bat;asm;asmx</Extensions>
    </Filter>
    <Filter Include="Source Files\sys">
      <UniqueIdentifier>{f48ecf16-c399-4fe4-bf10-fac651a16de5}</UniqueIdentifier>
    </Filter>
    <Filter Include="Source Files\sys\mem">
      <UniqueIdentifier>{e1ac9bd4-5ae7-472b-b61e-da52aa4c491e}</UniqueIdentifier>
    </Filter>
    <Filter Include="Source Files\Action Replay">
      <UniqueIdentifier>{674785e5-04d2-4348-9726-82d218457b17}</UniqueIdentifier>
    </Filter>
    <Filter Include="Source Files\CD">
      <UniqueIdentifier>{61b5f7c5-ee57-436e-a36c-973620dae316}</UniqueIdentifier>
    </Filter>
    <Filter Include="Source Files\Debug">
      <UniqueIdentifier>{3e25b852-d518-4e96-a3f7-2b3ea8adeb50}</UniqueIdentifier>
    </Filter>
    <Filter Include="Source Files\SCU">
      <UniqueIdentifier>{763ae0fb-dc0e-4803-a039-88c2c2829968}</UniqueIdentifier>
    </Filter>
    <Filter Include="Source Files\SH2">
      <UniqueIdentifier>{b4599f48-8841-4304-8424-02292f99b817}</UniqueIdentifier>
    </Filter>
    <Filter Include="Source Files\Video">
      <UniqueIdentifier>{f910a3cb-cda0-432c-ae6d-59f8a7ace1ab}</UniqueIdentifier>
    </Filter>
    <Filter Include="Source Files\Peripherals">
      <UniqueIdentifier>{75abc245-85b8-4cb5-b4d0-e23706d11486}</UniqueIdentifier>
    </Filter>
    <Filter Include="Source Files\Sound">
      <UniqueIdentifier>{cb291acf-01ae-4e76-946c-521e41b3c987}</UniqueIdentifier>
    </Filter>
    <Filter Include="Source Files\Modem">
      <UniqueIdentifier>{3b202a7d-fd36-4cff-87d9-14156d0c3048}</UniqueIdentifier>
    </Filter>
    <Filter Include="Source Files\UI">
      <UniqueIdentifier>{78cac468-b300-45c8-8d6b-afd544da086c}</UniqueIdentifier>
    </Filter>
    <Filter Include="Header Files">
      <UniqueIdentifier>{93995380-89BD-4b04-88EB-625FBE52EBFB}</UniqueIdentifier>
      <Extensions>h;hpp;hxx;hm;inl;inc;xsd</Extensions>
    </Filter>
    <Filter Include="Header Files\sys">
      <UniqueIdentifier>{fa3be25d-61c5-44a7-96e6-7ce1afe245be}</UniqueIdentifier>
    </Filter>
    <Filter Include="Header Files\sys\mem">
      <UniqueIdentifier>{c38c49c1-00a8-47b7-ac66-56539d7e07c0}</UniqueIdentifier>
    </Filter>
    <Filter Include="Header Files\CD">
      <UniqueIdentifier>{6e5df3c0-d496-4acb-afe7-a2518082565d}</UniqueIdentifier>
    </Filter>
    <Filter Include="Header Files\Action Replay">
      <UniqueIdentifier>{c7a0a69a-0939-4719-8323-37a22dfb8f56}</UniqueIdentifier>
    </Filter>
    <Filter Include="Header Files\Video">
      <UniqueIdentifier>{989d36da-b334-48d6-82a5-53a7a777cde0}</UniqueIdentifier>
    </Filter>
    <Filter Include="Header Files\Modem">
      <UniqueIdentifier>{ff1a89a1-47f6-4548-bc60-80c55722ab12}</UniqueIdentifier>
    </Filter>
    <Filter Include="Header Files\SH2">
      <UniqueIdentifier>{1e891494-8478-4d8f-9092-f17b48dac03f}</UniqueIdentifier>
    </Filter>
    <Filter Include="Header Files\Sound">
      <UniqueIdentifier>{efd8b562-265f-45b7-b4b5-3027fd8a73b9}</UniqueIdentifier>
    </Filter>
    <Filter Include="Header Files\Peripherals">
      <UniqueIdentifier>{a15e98db-57f5-463d-a98b-0e93fba93e83}</UniqueIdentifier>
    </Filter>
    <Filter Include="Header Files\SCU">
      <UniqueIdentifier>{8e4620a0-e595-4cf8-b9fb-b61c143fe86d}</UniqueIdentifier>
    </Filter>
    <Filter Include="Header Files\Debug">
      <UniqueIdentifier>{44902b7b-fa1e-4408-af91-cbee49455fae}</UniqueIdentifier>
    </Filter>
    <Filter Include="Header Files\UI">
      <UniqueIdentifier>{c2acba3f-2601-4a6c-8178-9b685d686dcd}</UniqueIdentifier>
    </Filter>
    <Filter Include="Other Files">
      <UniqueIdentifier>{46fed54c-2cdc-44c4-bdff-883e6fc8d06a}</UniqueIdentifier>
    </Filter>
    <Filter Include="Other Files\src">
      <UniqueIdentifier>{7407b305-0399-404a-9753-50f5fb3fb7d5}</UniqueIdentifier>
    </Filter>
    <Filter Include="Other Files\src\examples">
      <UniqueIdentifier>{95c2059b-34c4-435e-8876-098274582e14}</UniqueIdentifier>
    </Filter>
    <Filter Include="Source Files\examples">
      <UniqueIdentifier>{5f0f954a-82b7-4243-a872-9419270a6bc1}</UniqueIdentifier>
    </Filter>
  </ItemGroup>
  <ItemGroup>
    <ClCompile Include="src\iapetus.c">
      <Filter>Source Files</Filter>
    </ClCompile>
    <ClCompile Include="src\sys\bup.c">
      <Filter>Source Files\sys</Filter>
    </ClCompile>
    <ClCompile Include="src\sys\cd.c">
      <Filter>Source Files\sys</Filter>
    </ClCompile>
    <ClCompile Include="src\sys\close.c">
      <Filter>Source Files\sys</Filter>
    </ClCompile>
    <ClCompile Include="src\sys\fstat.c">
      <Filter>Source Files\sys</Filter>
    </ClCompile>
    <ClCompile Include="src\sys\lseek.c">
      <Filter>Source Files\sys</Filter>
    </ClCompile>
    <ClCompile Include="src\sys\open.c">
      <Filter>Source Files\sys</Filter>
    </ClCompile>
    <ClCompile Include="src\sys\read.c">
      <Filter>Source Files\sys</Filter>
    </ClCompile>
    <ClCompile Include="src\sys\stderr.c">
      <Filter>Source Files\sys</Filter>
    </ClCompile>
    <ClCompile Include="src\sys\stdin.c">
      <Filter>Source Files\sys</Filter>
    </ClCompile>
    <ClCompile Include="src\sys\stdout.c">
      <Filter>Source Files\sys</Filter>
    </ClCompile>
    <ClCompile Include="src\sys\sys.c">
      <Filter>Source Files\sys</Filter>
    </ClCompile>
    <ClCompile Include="src\sys\write.c">
      <Filter>Source Files\sys</Filter>
    </ClCompile>
    <ClCompile Include="src\sys\mem\free.c">
      <Filter>Source Files\sys\mem</Filter>
    </ClCompile>
    <ClCompile Include="src\sys\mem\free_r.c">
      <Filter>Source Files\sys\mem</Filter>
    </ClCompile>
    <ClCompile Include="src\sys\mem\malloc.c">
      <Filter>Source Files\sys\mem</Filter>
    </ClCompile>
    <ClCompile Include="src\sys\mem\malloc_r.c">
      <Filter>Source Files\sys\mem</Filter>
    </ClCompile>
    <ClCompile Include="src\sys\mem\memb.c">
      <Filter>Source Files\sys\mem</Filter>
    </ClCompile>
    <ClCompile Include="src\sys\mem\realloc_r.c">
      <Filter>Source Files\sys\mem</Filter>
    </ClCompile>
    <ClCompile Include="src\sys\mem\slob.c">
      <Filter>Source Files\sys\mem</Filter>
    </ClCompile>
    <ClCompile Include="src\ar\arcomm.c">
      <Filter>Source Files\Action Replay</Filter>
    </ClCompile>
    <ClCompile Include="src\ar\commlink.c">
      <Filter>Source Files\Action Replay</Filter>
    </ClCompile>
    <ClCompile Include="src\cd\cd.c">
      <Filter>Source Files\CD</Filter>
    </ClCompile>
    <ClCompile Include="src\cd\cdfs.c">
      <Filter>Source Files\CD</Filter>
    </ClCompile>
    <ClCompile Include="src\cd\mpeg.c">
      <Filter>Source Files\CD</Filter>
    </ClCompile>
    <ClCompile Include="src\debug\debug.c">
      <Filter>Source Files\Debug</Filter>
    </ClCompile>
    <ClCompile Include="src\scu\dsp.c">
      <Filter>Source Files\SCU</Filter>
    </ClCompile>
    <ClCompile Include="src\scu\scudma.c">
      <Filter>Source Files\SCU</Filter>
    </ClCompile>
    <ClCompile Include="src\sh2\sh2dma.c">
      <Filter>Source Files\SH2</Filter>
    </ClCompile>
    <ClCompile Include="src\sh2\sh2int.c">
      <Filter>Source Files\SH2</Filter>
    </ClCompile>
    <ClCompile Include="src\sh2\timer.c">
      <Filter>Source Files\SH2</Filter>
    </ClCompile>
    <ClCompile Include="src\video\pal.c">
      <Filter>Source Files\Video</Filter>
    </ClCompile>
    <ClCompile Include="src\video\rotscr.c">
      <Filter>Source Files\Video</Filter>
    </ClCompile>
    <ClCompile Include="src\video\scrscr.c">
      <Filter>Source Files\Video</Filter>
    </ClCompile>
    <ClCompile Include="src\video\vdp1.c">
      <Filter>Source Files\Video</Filter>
    </ClCompile>
    <ClCompile Include="src\video\vdpinit.c">
      <Filter>Source Files\Video</Filter>
    </ClCompile>
    <ClCompile Include="src\peripherals\smpc.c">
      <Filter>Source Files\Peripherals</Filter>
    </ClCompile>
    <ClCompile Include="src\sound\sound.c">
      <Filter>Source Files\Sound</Filter>
    </ClCompile>
    <ClCompile Include="src\ui\font.c">
      <Filter>Source Files\UI</Filter>
    </ClCompile>
    <ClCompile Include="src\ui\font8x16.c">
      <Filter>Source Files\UI</Filter>
    </ClCompile>
    <ClCompile Include="src\ui\font8x8.c">
      <Filter>Source Files\UI</Filter>
    </ClCompile>
    <ClCompile Include="src\ui\gui.c">
      <Filter>Source Files\UI</Filter>
    </ClCompile>
    <ClCompile Include="src\ui\text.c">
      <Filter>Source Files\UI</Filter>
    </ClCompile>
    <ClCompile Include="src\sh2\sci.c">
      <Filter>Source Files\SH2</Filter>
    </ClCompile>
    <ClCompile Include="src\scu\extram.c">
      <Filter>Source Files\SCU</Filter>
    </ClCompile>
    <ClCompile Include="src\examples\exhello.c">
      <Filter>Source Files\examples</Filter>
    </ClCompile>
    <ClCompile Include="src\examples\exgui.c">
      <Filter>Source Files\examples</Filter>
    </ClCompile>
    <ClCompile Include="src\ar\usbdev.c">
      <Filter>Source Files\Action Replay</Filter>
    </ClCompile>
    <ClCompile Include="src\ar\crc.c">
      <Filter>Source Files\Action Replay</Filter>
    </ClCompile>
    <ClCompile Include="src\cd\cdsect.c">
      <Filter>Source Files\CD</Filter>
    </ClCompile>
  </ItemGroup>
  <ItemGroup>
    <None Include="src\debug\localex.s">
      <Filter>Source Files\Debug</Filter>
    </None>
    <None Include="src\debug\remoteex.s">
      <Filter>Source Files\Debug</Filter>
    </None>
    <None Include="src\debug\ubc.s">
      <Filter>Source Files\Debug</Filter>
    </None>
    <None Include="CMakeLists.txt">
      <Filter>Other Files</Filter>
    </None>
    <None Include="makefile">
      <Filter>Other Files</Filter>
    </None>
    <None Include="README.TXT">
      <Filter>Other Files</Filter>
    </None>
    <None Include="TODO">
      <Filter>Other Files</Filter>
    </None>
    <None Include="src\CMakeLists.txt">
      <Filter>Other Files\src</Filter>
    </None>
    <None Include="src\examples\CMakeLists.txt">
      <Filter>Other Files\src\examples</Filter>
    </None>
  </ItemGroup>
  <ItemGroup>
    <ClInclude Include="src\bios.h">
      <Filter>Header Files</Filter>
    </ClInclude>
    <ClInclude Include="src\iapetus.h">
      <Filter>Header Files</Filter>
    </ClInclude>
    <ClInclude Include="src\types.h">
      <Filter>Header Files</Filter>
    </ClInclude>
    <ClInclude Include="src\sys\file.h">
      <Filter>Header Files\sys</Filter>
    </ClInclude>
    <ClInclude Include="src\sys\mem\memb.h">
      <Filter>Header Files\sys\mem</Filter>
    </ClInclude>
    <ClInclude Include="src\cd\cd.h">
      <Filter>Header Files\CD</Filter>
    </ClInclude>
    <ClInclude Include="src\cd\cdfs.h">
      <Filter>Header Files\CD</Filter>
    </ClInclude>
    <ClInclude Include="src\cd\mpeg.h">
      <Filter>Header Files\CD</Filter>
    </ClInclude>
    <ClInclude Include="src\ar\arcomm.h">
      <Filter>Header Files\Action Replay</Filter>
    </ClInclude>
    <ClInclude Include="src\ar\commlink.h">
      <Filter>Header Files\Action Replay</Filter>
    </ClInclude>
    <ClInclude Include="src\video\vdp.h">
      <Filter>Header Files\Video</Filter>
    </ClInclude>
    <ClInclude Include="src\modem\netlink.h">
      <Filter>Header Files\Modem</Filter>
    </ClInclude>
    <ClInclude Include="src\sh2\sci.h">
      <Filter>Header Files\SH2</Filter>
    </ClInclude>
    <ClInclude Include="src\sh2\sh2dma.h">
      <Filter>Header Files\SH2</Filter>
    </ClInclude>
    <ClInclude Include="src\sh2\sh2int.h">
      <Filter>Header Files\SH2</Filter>
    </ClInclude>
    <ClInclude Include="src\sh2\timer.h">
      <Filter>Header Files\SH2</Filter>
    </ClInclude>
    <ClInclude Include="src\sound\sound.h">
      <Filter>Header Files\Sound</Filter>
    </ClInclude>
    <ClInclude Include="src\peripherals\smpc.h">
      <Filter>Header Files\Peripherals</Filter>
    </ClInclude>
    <ClInclude Include="src\scu\dsp.h">
      <Filter>Header Files\SCU</Filter>
    </ClInclude>
    <ClInclude Include="src\scu\scudma.h">
      <Filter>Header Files\SCU</Filter>
    </ClInclude>
    <ClInclude Include="src\debug\debug.h">
      <Filter>Header Files\Debug</Filter>
    </ClInclude>
    <ClInclude Include="src\ui\font.h">
      <Filter>Header Files\UI</Filter>
    </ClInclude>
    <ClInclude Include="src\ui\gui.h">
      <Filter>Header Files\UI</Filter>
    </ClInclude>
    <ClInclude Include="src\ui\text.h">
      <Filter>Header Files\UI</Filter>
    </ClInclude>
    <ClInclude Include="src\sh2\sh2regs.h">
      <Filter>Header Files\SH2</Filter>
    </ClInclude>
    <ClInclude Include="src\scu\scuregs.h">
      <Filter>Header Files\SCU</Filter>
    </ClInclude>
    <ClInclude Include="src\scu\extram.h">
      <Filter>Header Files\SCU</Filter>
    </ClInclude>
    <ClInclude Include="src\ar\crc.h">
      <Filter>Header Files\Action Replay</Filter>
    </ClInclude>
    <ClInclude Include="src\ar\usbdev.h">
      <Filter>Header Files\Action Replay</Filter>
    </ClInclude>
    <ClInclude Include="src\cd\cdsect.h">
      <Filter>Header Files\CD</Filter>
    </ClInclude>
  </ItemGroup>
</Project>